// !$*UTF8*$!
{
	archiveVersion = 1;
	classes = {
	};
	objectVersion = 56;
	objects = {

/* Begin PBXBuildFile section */
		209B765A2D3D1C130080B7DD /* AppDelegate.m in Sources */ = {isa = PBXBuildFile; fileRef = 209B76592D3D1C130080B7DD /* AppDelegate.m */; };
		209B765D2D3D1C130080B7DD /* SceneDelegate.m in Sources */ = {isa = PBXBuildFile; fileRef = 209B765C2D3D1C130080B7DD /* SceneDelegate.m */; };
		209B76602D3D1C130080B7DD /* ViewController.m in Sources */ = {isa = PBXBuildFile; fileRef = 209B765F2D3D1C130080B7DD /* ViewController.m */; };
		209B76632D3D1C130080B7DD /* Base in Resources */ = {isa = PBXBuildFile; fileRef = 209B76622D3D1C130080B7DD /* Base */; };
		209B76652D3D1C140080B7DD /* Assets.xcassets in Resources */ = {isa = PBXBuildFile; fileRef = 209B76642D3D1C140080B7DD /* Assets.xcassets */; };
		209B76682D3D1C140080B7DD /* Base in Resources */ = {isa = PBXBuildFile; fileRef = 209B76672D3D1C140080B7DD /* Base */; };
		209B766B2D3D1C140080B7DD /* main.m in Sources */ = {isa = PBXBuildFile; fileRef = 209B766A2D3D1C140080B7DD /* main.m */; };
		209B76732D3D1FD40080B7DD /* TimerViewController.m in Sources */ = {isa = PBXBuildFile; fileRef = 209B76722D3D1FD40080B7DD /* TimerViewController.m */; };
		209B76762D3D20330080B7DD /* AlarmViewController.m in Sources */ = {isa = PBXBuildFile; fileRef = 209B76752D3D20330080B7DD /* AlarmViewController.m */; };
		209B76792D3D20520080B7DD /* StopwatchViewController.m in Sources */ = {isa = PBXBuildFile; fileRef = 209B76782D3D20520080B7DD /* StopwatchViewController.m */; };
		209B767C2D3D20670080B7DD /* WorldClockViewController.m in Sources */ = {isa = PBXBuildFile; fileRef = 209B767B2D3D20670080B7DD /* WorldClockViewController.m */; };
/* End PBXBuildFile section */

/* Begin PBXFileReference section */
		209B76552D3D1C130080B7DD /* Clock.app */ = {isa = PBXFileReference; explicitFileType = wrapper.application; includeInIndex = 0; path = Clock.app; sourceTree = BUILT_PRODUCTS_DIR; };
		209B76582D3D1C130080B7DD /* AppDelegate.h */ = {isa = PBXFileReference; lastKnownFileType = sourcecode.c.h; path = AppDelegate.h; sourceTree = "<group>"; };
		209B76592D3D1C130080B7DD /* AppDelegate.m */ = {isa = PBXFileReference; lastKnownFileType = sourcecode.c.objc; path = AppDelegate.m; sourceTree = "<group>"; };
		209B765B2D3D1C130080B7DD /* SceneDelegate.h */ = {isa = PBXFileReference; lastKnownFileType = sourcecode.c.h; path = SceneDelegate.h; sourceTree = "<group>"; };
		209B765C2D3D1C130080B7DD /* SceneDelegate.m */ = {isa = PBXFileReference; lastKnownFileType = sourcecode.c.objc; path = SceneDelegate.m; sourceTree = "<group>"; };
		209B765E2D3D1C130080B7DD /* ViewController.h */ = {isa = PBXFileReference; lastKnownFileType = sourcecode.c.h; path = ViewController.h; sourceTree = "<group>"; };
		209B765F2D3D1C130080B7DD /* ViewController.m */ = {isa = PBXFileReference; lastKnownFileType = sourcecode.c.objc; path = ViewController.m; sourceTree = "<group>"; };
		209B76622D3D1C130080B7DD /* Base */ = {isa = PBXFileReference; lastKnownFileType = file.storyboard; name = Base; path = Base.lproj/Main.storyboard; sourceTree = "<group>"; };
		209B76642D3D1C140080B7DD /* Assets.xcassets */ = {isa = PBXFileReference; lastKnownFileType = folder.assetcatalog; path = Assets.xcassets; sourceTree = "<group>"; };
		209B76672D3D1C140080B7DD /* Base */ = {isa = PBXFileReference; lastKnownFileType = file.storyboard; name = Base; path = Base.lproj/LaunchScreen.storyboard; sourceTree = "<group>"; };
		209B76692D3D1C140080B7DD /* Info.plist */ = {isa = PBXFileReference; lastKnownFileType = text.plist.xml; path = Info.plist; sourceTree = "<group>"; };
		209B766A2D3D1C140080B7DD /* main.m */ = {isa = PBXFileReference; lastKnownFileType = sourcecode.c.objc; path = main.m; sourceTree = "<group>"; };
		209B76712D3D1FD40080B7DD /* TimerViewController.h */ = {isa = PBXFileReference; lastKnownFileType = sourcecode.c.h; path = TimerViewController.h; sourceTree = "<group>"; };
		209B76722D3D1FD40080B7DD /* TimerViewController.m */ = {isa = PBXFileReference; lastKnownFileType = sourcecode.c.objc; path = TimerViewController.m; sourceTree = "<group>"; };
		209B76742D3D20330080B7DD /* AlarmViewController.h */ = {isa = PBXFileReference; lastKnownFileType = sourcecode.c.h; path = AlarmViewController.h; sourceTree = "<group>"; };
		209B76752D3D20330080B7DD /* AlarmViewController.m */ = {isa = PBXFileReference; lastKnownFileType = sourcecode.c.objc; path = AlarmViewController.m; sourceTree = "<group>"; };
		209B76772D3D20520080B7DD /* StopwatchViewController.h */ = {isa = PBXFileReference; lastKnownFileType = sourcecode.c.h; path = StopwatchViewController.h; sourceTree = "<group>"; };
		209B76782D3D20520080B7DD /* StopwatchViewController.m */ = {isa = PBXFileReference; lastKnownFileType = sourcecode.c.objc; path = StopwatchViewController.m; sourceTree = "<group>"; };
		209B767A2D3D20670080B7DD /* WorldClockViewController.h */ = {isa = PBXFileReference; lastKnownFileType = sourcecode.c.h; path = WorldClockViewController.h; sourceTree = "<group>"; };
		209B767B2D3D20670080B7DD /* WorldClockViewController.m */ = {isa = PBXFileReference; lastKnownFileType = sourcecode.c.objc; path = WorldClockViewController.m; sourceTree = "<group>"; };
/* End PBXFileReference section */

/* Begin PBXFrameworksBuildPhase section */
		209B76522D3D1C130080B7DD /* Frameworks */ = {
			isa = PBXFrameworksBuildPhase;
			buildActionMask = 2147483647;
			files = (
			);
			runOnlyForDeploymentPostprocessing = 0;
		};
/* End PBXFrameworksBuildPhase section */

/* Begin PBXGroup section */
		209B764C2D3D1C130080B7DD = {
			isa = PBXGroup;
			children = (
				209B76572D3D1C130080B7DD /* Clock */,
				209B76562D3D1C130080B7DD /* Products */,
			);
			sourceTree = "<group>";
		};
		209B76562D3D1C130080B7DD /* Products */ = {
			isa = PBXGroup;
			children = (
				209B76552D3D1C130080B7DD /* Clock.app */,
			);
			name = Products;
			sourceTree = "<group>";
		};
		209B76572D3D1C130080B7DD /* Clock */ = {
			isa = PBXGroup;
			children = (
				209B76582D3D1C130080B7DD /* AppDelegate.h */,
				209B76592D3D1C130080B7DD /* AppDelegate.m */,
				209B76712D3D1FD40080B7DD /* TimerViewController.h */,
				209B76722D3D1FD40080B7DD /* TimerViewController.m */,
				209B76742D3D20330080B7DD /* AlarmViewController.h */,
				209B76752D3D20330080B7DD /* AlarmViewController.m */,
				209B765B2D3D1C130080B7DD /* SceneDelegate.h */,
				209B765C2D3D1C130080B7DD /* SceneDelegate.m */,
				209B765E2D3D1C130080B7DD /* ViewController.h */,
				209B765F2D3D1C130080B7DD /* ViewController.m */,
				209B767A2D3D20670080B7DD /* WorldClockViewController.h */,
				209B767B2D3D20670080B7DD /* WorldClockViewController.m */,
				209B76772D3D20520080B7DD /* StopwatchViewController.h */,
				209B76782D3D20520080B7DD /* StopwatchViewController.m */,
				209B76612D3D1C130080B7DD /* Main.storyboard */,
				209B76642D3D1C140080B7DD /* Assets.xcassets */,
				209B76662D3D1C140080B7DD /* LaunchScreen.storyboard */,
				209B76692D3D1C140080B7DD /* Info.plist */,
				209B766A2D3D1C140080B7DD /* main.m */,
			);
			path = Clock;
			sourceTree = "<group>";
		};
/* End PBXGroup section */

/* Begin PBXNativeTarget section */
		209B76542D3D1C130080B7DD /* Clock */ = {
			isa = PBXNativeTarget;
			buildConfigurationList = 209B766E2D3D1C140080B7DD /* Build configuration list for PBXNativeTarget "Clock" */;
			buildPhases = (
				209B76512D3D1C130080B7DD /* Sources */,
				209B76522D3D1C130080B7DD /* Frameworks */,
				209B76532D3D1C130080B7DD /* Resources */,
			);
			buildRules = (
			);
			dependencies = (
			);
			name = Clock;
			productName = Clock;
			productReference = 209B76552D3D1C130080B7DD /* Clock.app */;
			productType = "com.apple.product-type.application";
		};
/* End PBXNativeTarget section */

/* Begin PBXProject section */
		209B764D2D3D1C130080B7DD /* Project object */ = {
			isa = PBXProject;
			attributes = {
				BuildIndependentTargetsInParallel = 1;
				LastUpgradeCheck = 1540;
				TargetAttributes = {
					209B76542D3D1C130080B7DD = {
						CreatedOnToolsVersion = 15.4;
					};
				};
			};
			buildConfigurationList = 209B76502D3D1C130080B7DD /* Build configuration list for PBXProject "Clock" */;
			compatibilityVersion = "Xcode 14.0";
			developmentRegion = en;
			hasScannedForEncodings = 0;
			knownRegions = (
				en,
				Base,
			);
			mainGroup = 209B764C2D3D1C130080B7DD;
			productRefGroup = 209B76562D3D1C130080B7DD /* Products */;
			projectDirPath = "";
			projectRoot = "";
			targets = (
				209B76542D3D1C130080B7DD /* Clock */,
			);
		};
/* End PBXProject section */

/* Begin PBXResourcesBuildPhase section */
		209B76532D3D1C130080B7DD /* Resources */ = {
			isa = PBXResourcesBuildPhase;
			buildActionMask = 2147483647;
			files = (
				209B76652D3D1C140080B7DD /* Assets.xcassets in Resources */,
				209B76682D3D1C140080B7DD /* Base in Resources */,
				209B76632D3D1C130080B7DD /* Base in Resources */,
			);
			runOnlyForDeploymentPostprocessing = 0;
		};
/* End PBXResourcesBuildPhase section */

/* Begin PBXSourcesBuildPhase section */
		209B76512D3D1C130080B7DD /* Sources */ = {
			isa = PBXSourcesBuildPhase;
			buildActionMask = 2147483647;
			files = (
				209B767C2D3D20670080B7DD /* WorldClockViewController.m in Sources */,
				209B76762D3D20330080B7DD /* AlarmViewController.m in Sources */,
				209B76602D3D1C130080B7DD /* ViewController.m in Sources */,
				209B76792D3D20520080B7DD /* StopwatchViewController.m in Sources */,
				209B765A2D3D1C130080B7DD /* AppDelegate.m in Sources */,
				209B76732D3D1FD40080B7DD /* TimerViewController.m in Sources */,
				209B766B2D3D1C140080B7DD /* main.m in Sources */,
				209B765D2D3D1C130080B7DD /* SceneDelegate.m in Sources */,
			);
			runOnlyForDeploymentPostprocessing = 0;
		};
/* End PBXSourcesBuildPhase section */

/* Begin PBXVariantGroup section */
		209B76612D3D1C130080B7DD /* Main.storyboard */ = {
			isa = PBXVariantGroup;
			children = (
				209B76622D3D1C130080B7DD /* Base */,
			);
			name = Main.storyboard;
			sourceTree = "<group>";
		};
		209B76662D3D1C140080B7DD /* LaunchScreen.storyboard */ = {
			isa = PBXVariantGroup;
			children = (
				209B76672D3D1C140080B7DD /* Base */,
			);
			name = LaunchScreen.storyboard;
			sourceTree = "<group>";
		};
/* End PBXVariantGroup section */

/* Begin XCBuildConfiguration section */
		209B766C2D3D1C140080B7DD /* Debug */ = {
			isa = XCBuildConfiguration;
			buildSettings = {
				ALWAYS_SEARCH_USER_PATHS = NO;
				ASSETCATALOG_COMPILER_GENERATE_SWIFT_ASSET_SYMBOL_EXTENSIONS = YES;
				CLANG_ANALYZER_NONNULL = YES;
				CLANG_ANALYZER_NUMBER_OBJECT_CONVERSION = YES_AGGRESSIVE;
				CLANG_CXX_LANGUAGE_STANDARD = "gnu++20";
				CLANG_ENABLE_MODULES = YES;
				CLANG_ENABLE_OBJC_ARC = YES;
				CLANG_ENABLE_OBJC_WEAK = YES;
				CLANG_WARN_BLOCK_CAPTURE_AUTORELEASING = YES;
				CLANG_WARN_BOOL_CONVERSION = YES;
				CLANG_WARN_COMMA = YES;
				CLANG_WARN_CONSTANT_CONVERSION = YES;
				CLANG_WARN_DEPRECATED_OBJC_IMPLEMENTATIONS = YES;
				CLANG_WARN_DIRECT_OBJC_ISA_USAGE = YES_ERROR;
				CLANG_WARN_DOCUMENTATION_COMMENTS = YES;
				CLANG_WARN_EMPTY_BODY = YES;
				CLANG_WARN_ENUM_CONVERSION = YES;
				CLANG_WARN_INFINITE_RECURSION = YES;
				CLANG_WARN_INT_CONVERSION = YES;
				CLANG_WARN_NON_LITERAL_NULL_CONVERSION = YES;
				CLANG_WARN_OBJC_IMPLICIT_RETAIN_SELF = YES;
				CLANG_WARN_OBJC_LITERAL_CONVERSION = YES;
				CLANG_WARN_OBJC_ROOT_CLASS = YES_ERROR;
				CLANG_WARN_QUOTED_INCLUDE_IN_FRAMEWORK_HEADER = YES;
				CLANG_WARN_RANGE_LOOP_ANALYSIS = YES;
				CLANG_WARN_STRICT_PROTOTYPES = YES;
				CLANG_WARN_SUSPICIOUS_MOVE = YES;
				CLANG_WARN_UNGUARDED_AVAILABILITY = YES_AGGRESSIVE;
				CLANG_WARN_UNREACHABLE_CODE = YES;
				CLANG_WARN__DUPLICATE_METHOD_MATCH = YES;
				COPY_PHASE_STRIP = NO;
				DEBUG_INFORMATION_FORMAT = dwarf;
				ENABLE_STRICT_OBJC_MSGSEND = YES;
				ENABLE_TESTABILITY = YES;
				ENABLE_USER_SCRIPT_SANDBOXING = YES;
				GCC_C_LANGUAGE_STANDARD = gnu17;
				GCC_DYNAMIC_NO_PIC = NO;
				GCC_NO_COMMON_BLOCKS = YES;
				GCC_OPTIMIZATION_LEVEL = 0;
				GCC_PREPROCESSOR_DEFINITIONS = (
					"DEBUG=1",
					"$(inherited)",
				);
				GCC_WARN_64_TO_32_BIT_CONVERSION = YES;
				GCC_WARN_ABOUT_RETURN_TYPE = YES_ERROR;
				GCC_WARN_UNDECLARED_SELECTOR = YES;
				GCC_WARN_UNINITIALIZED_AUTOS = YES_AGGRESSIVE;
				GCC_WARN_UNUSED_FUNCTION = YES;
				GCC_WARN_UNUSED_VARIABLE = YES;
				IPHONEOS_DEPLOYMENT_TARGET = 17.5;
				LOCALIZATION_PREFERS_STRING_CATALOGS = YES;
				MTL_ENABLE_DEBUG_INFO = INCLUDE_SOURCE;
				MTL_FAST_MATH = YES;
				ONLY_ACTIVE_ARCH = YES;
				SDKROOT = iphoneos;
			};
			name = Debug;
		};
		209B766D2D3D1C140080B7DD /* Release */ = {
			isa = XCBuildConfiguration;
			buildSettings = {
				ALWAYS_SEARCH_USER_PATHS = NO;
				ASSETCATALOG_COMPILER_GENERATE_SWIFT_ASSET_SYMBOL_EXTENSIONS = YES;
				CLANG_ANALYZER_NONNULL = YES;
				CLANG_ANALYZER_NUMBER_OBJECT_CONVERSION = YES_AGGRESSIVE;
				CLANG_CXX_LANGUAGE_STANDARD = "gnu++20";
				CLANG_ENABLE_MODULES = YES;
				CLANG_ENABLE_OBJC_ARC = YES;
				CLANG_ENABLE_OBJC_WEAK = YES;
				CLANG_WARN_BLOCK_CAPTURE_AUTORELEASING = YES;
				CLANG_WARN_BOOL_CONVERSION = YES;
				CLANG_WARN_COMMA = YES;
				CLANG_WARN_CONSTANT_CONVERSION = YES;
				CLANG_WARN_DEPRECATED_OBJC_IMPLEMENTATIONS = YES;
				CLANG_WARN_DIRECT_OBJC_ISA_USAGE = YES_ERROR;
				CLANG_WARN_DOCUMENTATION_COMMENTS = YES;
				CLANG_WARN_EMPTY_BODY = YES;
				CLANG_WARN_ENUM_CONVERSION = YES;
				CLANG_WARN_INFINITE_RECURSION = YES;
				CLANG_WARN_INT_CONVERSION = YES;
				CLANG_WARN_NON_LITERAL_NULL_CONVERSION = YES;
				CLANG_WARN_OBJC_IMPLICIT_RETAIN_SELF = YES;
				CLANG_WARN_OBJC_LITERAL_CONVERSION = YES;
				CLANG_WARN_OBJC_ROOT_CLASS = YES_ERROR;
				CLANG_WARN_QUOTED_INCLUDE_IN_FRAMEWORK_HEADER = YES;
				CLANG_WARN_RANGE_LOOP_ANALYSIS = YES;
				CLANG_WARN_STRICT_PROTOTYPES = YES;
				CLANG_WARN_SUSPICIOUS_MOVE = YES;
				CLANG_WARN_UNGUARDED_AVAILABILITY = YES_AGGRESSIVE;
				CLANG_WARN_UNREACHABLE_CODE = YES;
				CLANG_WARN__DUPLICATE_METHOD_MATCH = YES;
				COPY_PHASE_STRIP = NO;
				DEBUG_INFORMATION_FORMAT = "dwarf-with-dsym";
				ENABLE_NS_ASSERTIONS = NO;
				ENABLE_STRICT_OBJC_MSGSEND = YES;
				ENABLE_USER_SCRIPT_SANDBOXING = YES;
				GCC_C_LANGUAGE_STANDARD = gnu17;
				GCC_NO_COMMON_BLOCKS = YES;
				GCC_WARN_64_TO_32_BIT_CONVERSION = YES;
				GCC_WARN_ABOUT_RETURN_TYPE = YES_ERROR;
				GCC_WARN_UNDECLARED_SELECTOR = YES;
				GCC_WARN_UNINITIALIZED_AUTOS = YES_AGGRESSIVE;
				GCC_WARN_UNUSED_FUNCTION = YES;
				GCC_WARN_UNUSED_VARIABLE = YES;
				IPHONEOS_DEPLOYMENT_TARGET = 17.5;
				LOCALIZATION_PREFERS_STRING_CATALOGS = YES;
				MTL_ENABLE_DEBUG_INFO = NO;
				MTL_FAST_MATH = YES;
				SDKROOT = iphoneos;
				VALIDATE_PRODUCT = YES;
			};
			name = Release;
		};
		209B766F2D3D1C140080B7DD /* Debug */ = {
			isa = XCBuildConfiguration;
			buildSettings = {
				ASSETCATALOG_COMPILER_APPICON_NAME = AppIcon;
				ASSETCATALOG_COMPILER_GLOBAL_ACCENT_COLOR_NAME = AccentColor;
				CODE_SIGN_STYLE = Automatic;
				CURRENT_PROJECT_VERSION = 2;
				DEVELOPMENT_TEAM = HWKQBQS9BQ;
				GENERATE_INFOPLIST_FILE = YES;
				INFOPLIST_FILE = Clock/Info.plist;
				INFOPLIST_KEY_LSApplicationCategoryType = "public.app-category.utilities";
				INFOPLIST_KEY_UIApplicationSupportsIndirectInputEvents = YES;
				INFOPLIST_KEY_UILaunchStoryboardName = LaunchScreen;
				INFOPLIST_KEY_UIMainStoryboardFile = Main;
				INFOPLIST_KEY_UISupportedInterfaceOrientations_iPad = "UIInterfaceOrientationPortrait UIInterfaceOrientationPortraitUpsideDown UIInterfaceOrientationLandscapeLeft UIInterfaceOrientationLandscapeRight";
				INFOPLIST_KEY_UISupportedInterfaceOrientations_iPhone = "UIInterfaceOrientationPortrait UIInterfaceOrientationLandscapeLeft UIInterfaceOrientationLandscapeRight";
				IPHONEOS_DEPLOYMENT_TARGET = 16.0;
				LD_RUNPATH_SEARCH_PATHS = (
					"$(inherited)",
					"@executable_path/Frameworks",
				);
				MARKETING_VERSION = 1.0.1;
				PRODUCT_BUNDLE_IDENTIFIER = com.github.ivankoskov.Clock;
				PRODUCT_NAME = "$(TARGET_NAME)";
				SUPPORTED_PLATFORMS = "iphoneos iphonesimulator";
				SUPPORTS_MACCATALYST = NO;
				SUPPORTS_MAC_DESIGNED_FOR_IPHONE_IPAD = NO;
				SUPPORTS_XR_DESIGNED_FOR_IPHONE_IPAD = NO;
				SWIFT_EMIT_LOC_STRINGS = YES;
				TARGETED_DEVICE_FAMILY = "1,2";
			};
			name = Debug;
		};
		209B76702D3D1C140080B7DD /* Release */ = {
			isa = XCBuildConfiguration;
			buildSettings = {
				ASSETCATALOG_COMPILER_APPICON_NAME = AppIcon;
				ASSETCATALOG_COMPILER_GLOBAL_ACCENT_COLOR_NAME = AccentColor;
				CODE_SIGN_STYLE = Automatic;
				CURRENT_PROJECT_VERSION = 2;
				DEVELOPMENT_TEAM = HWKQBQS9BQ;
				GENERATE_INFOPLIST_FILE = YES;
				INFOPLIST_FILE = Clock/Info.plist;
				INFOPLIST_KEY_LSApplicationCategoryType = "public.app-category.utilities";
				INFOPLIST_KEY_UIApplicationSupportsIndirectInputEvents = YES;
				INFOPLIST_KEY_UILaunchStoryboardName = LaunchScreen;
				INFOPLIST_KEY_UIMainStoryboardFile = Main;
				INFOPLIST_KEY_UISupportedInterfaceOrientations_iPad = "UIInterfaceOrientationPortrait UIInterfaceOrientationPortraitUpsideDown UIInterfaceOrientationLandscapeLeft UIInterfaceOrientationLandscapeRight";
				INFOPLIST_KEY_UISupportedInterfaceOrientations_iPhone = "UIInterfaceOrientationPortrait UIInterfaceOrientationLandscapeLeft UIInterfaceOrientationLandscapeRight";
				IPHONEOS_DEPLOYMENT_TARGET = 16.0;
				LD_RUNPATH_SEARCH_PATHS = (
					"$(inherited)",
					"@executable_path/Frameworks",
				);
				MARKETING_VERSION = 1.0.1;
				PRODUCT_BUNDLE_IDENTIFIER = com.github.ivankoskov.Clock;
				PRODUCT_NAME = "$(TARGET_NAME)";
				SUPPORTED_PLATFORMS = "iphoneos iphonesimulator";
				SUPPORTS_MACCATALYST = NO;
				SUPPORTS_MAC_DESIGNED_FOR_IPHONE_IPAD = NO;
				SUPPORTS_XR_DESIGNED_FOR_IPHONE_IPAD = NO;
				SWIFT_EMIT_LOC_STRINGS = YES;
				TARGETED_DEVICE_FAMILY = "1,2";
			};
			name = Release;
		};
/* End XCBuildConfiguration section */

/* Begin XCConfigurationList section */
		209B76502D3D1C130080B7DD /* Build configuration list for PBXProject "Clock" */ = {
			isa = XCConfigurationList;
			buildConfigurations = (
				209B766C2D3D1C140080B7DD /* Debug */,
				209B766D2D3D1C140080B7DD /* Release */,
			);
			defaultConfigurationIsVisible = 0;
			defaultConfigurationName = Release;
		};
		209B766E2D3D1C140080B7DD /* Build configuration list for PBXNativeTarget "Clock" */ = {
			isa = XCConfigurationList;
			buildConfigurations = (
				209B766F2D3D1C140080B7DD /* Debug */,
				209B76702D3D1C140080B7DD /* Release */,
			);
			defaultConfigurationIsVisible = 0;
			defaultConfigurationName = Release;
		};
/* End XCConfigurationList section */
	};
	rootObject = 209B764D2D3D1C130080B7DD /* Project object */;
}
